
Microsoft Visual Studio Solution File, Format Version 12.00
# Visual Studio Version 16
VisualStudioVersion = 16.0.30709.132
MinimumVisualStudioVersion = 10.0.40219.1
Project("{FAE04EC0-301F-11D3-BF4B-00C04F79EFBC}") = "IDBP.API", "IDBP.API\IDBP.API.csproj", "{7D67481B-AADB-449A-8B2B-207856B340D1}"
EndProject
Project("{FAE04EC0-301F-11D3-BF4B-00C04F79EFBC}") = "IDBP.IdentityServer", "IDBP.IdentityServer\IDBP.IdentityServer.csproj", "{3A4C1D5A-FF4A-4CAC-A0A7-4545779F4938}"
EndProject
Global
	GlobalSection(SolutionConfigurationPlatforms) = preSolution
		Debug|Any CPU = Debug|Any CPU
		Release|Any CPU = Release|Any CPU
	EndGlobalSection
	GlobalSection(ProjectConfigurationPlatforms) = postSolution
		{7D67481B-AADB-449A-8B2B-207856B340D1}.Debug|Any CPU.ActiveCfg = Debug|Any CPU
		{7D67481B-AADB-449A-8B2B-207856B340D1}.Debug|Any CPU.Build.0 = Debug|Any CPU
		{7D67481B-AADB-449A-8B2B-207856B340D1}.Release|Any CPU.ActiveCfg = Release|Any CPU
		{7D67481B-AADB-449A-8B2B-207856B340D1}.Release|Any CPU.Build.0 = Release|Any CPU
		{3A4C1D5A-FF4A-4CAC-A0A7-4545779F4938}.Debug|Any CPU.ActiveCfg = Debug|Any CPU
		{3A4C1D5A-FF4A-4CAC-A0A7-4545779F4938}.Debug|Any CPU.Build.0 = Debug|Any CPU
		{3A4C1D5A-FF4A-4CAC-A0A7-4545779F4938}.Release|Any CPU.ActiveCfg = Release|Any CPU
		{3A4C1D5A-FF4A-4CAC-A0A7-4545779F4938}.Release|Any CPU.Build.0 = Release|Any CPU
	EndGlobalSection
	GlobalSection(SolutionProperties) = preSolution
		HideSolutionNode = FALSE
	EndGlobalSection
	GlobalSection(ExtensibilityGlobals) = postSolution
		SolutionGuid = {E530B28D-802A-4FE6-B63E-168F6DC8C539}
	EndGlobalSection
EndGlobal
